
Microsoft Visual Studio Solution File, Format Version 12.00
# Visual Studio 15
VisualStudioVersion = 15.0.27703.2035
MinimumVisualStudioVersion = 10.0.40219.1
Project("{FAE04EC0-301F-11D3-BF4B-00C04F79EFBC}") = "Vavatech.PSI.WPF.WPFClient", "Vavatech.PSI.WPF.WPFClient\Vavatech.PSI.WPF.WPFClient.csproj", "{DBD34A0F-4BD9-462E-BD65-6B6331FE3C7B}"
EndProject
Project("{FAE04EC0-301F-11D3-BF4B-00C04F79EFBC}") = "Vavatech.PSI.WPF.Models", "Vavatech.PSI.WPF.Models\Vavatech.PSI.WPF.Models.csproj", "{2A10B82A-8EA1-4FAB-8905-6B2C0E4F6BB9}"
EndProject
Global
	GlobalSection(SolutionConfigurationPlatforms) = preSolution
		Debug|Any CPU = Debug|Any CPU
		Release|Any CPU = Release|Any CPU
	EndGlobalSection
	GlobalSection(ProjectConfigurationPlatforms) = postSolution
		{DBD34A0F-4BD9-462E-BD65-6B6331FE3C7B}.Debug|Any CPU.ActiveCfg = Debug|Any CPU
		{DBD34A0F-4BD9-462E-BD65-6B6331FE3C7B}.Debug|Any CPU.Build.0 = Debug|Any CPU
		{DBD34A0F-4BD9-462E-BD65-6B6331FE3C7B}.Release|Any CPU.ActiveCfg = Release|Any CPU
		{DBD34A0F-4BD9-462E-BD65-6B6331FE3C7B}.Release|Any CPU.Build.0 = Release|Any CPU
		{2A10B82A-8EA1-4FAB-8905-6B2C0E4F6BB9}.Debug|Any CPU.ActiveCfg = Debug|Any CPU
		{2A10B82A-8EA1-4FAB-8905-6B2C0E4F6BB9}.Debug|Any CPU.Build.0 = Debug|Any CPU
		{2A10B82A-8EA1-4FAB-8905-6B2C0E4F6BB9}.Release|Any CPU.ActiveCfg = Release|Any CPU
		{2A10B82A-8EA1-4FAB-8905-6B2C0E4F6BB9}.Release|Any CPU.Build.0 = Release|Any CPU
	EndGlobalSection
	GlobalSection(SolutionProperties) = preSolution
		HideSolutionNode = FALSE
	EndGlobalSection
	GlobalSection(ExtensibilityGlobals) = postSolution
		SolutionGuid = {136C0A19-D4B0-47F6-82D3-97C726E12E1F}
	EndGlobalSection
EndGlobal
